{
  "name": "bot-rosen",
  "version": "1.0.0",
  "lockfileVersion": 3,
  "requires": true,
  "packages": {
    "": {
      "name": "bot-rosen",
      "version": "1.0.0",
      "dependencies": {
        "discord.js": "^14.0.3",
        "dotenv": "^16.0.3",
        "googleapis": "^115.0.0"
      }
    }
  },
  "dependencies": {
    "discord.js": {
      "version": "14.0.3",
      "resolved": "https://registry.npmjs.org/discord.js/-/discord.js-14.0.3.tgz",
      "integrity": "sha512-lpIw4fR9fQsqxlaW45Diyxm9W9/WG3tp4ch0qMbEsTL3fGcGi/1cb0VyLt2BwhsxGyXziEfzR2yMFMS+UHZ6Tw==",
      "engines": {
        "node": ">=16.9.0"
      }
    },
    "dotenv": {
      "version": "16.0.3",
      "resolved": "https://registry.npmjs.org/dotenv/-/dotenv-16.0.3.tgz",
      "integrity": "sha512-rXGQoR7+dMQo+H6N2yBh12/q4QrjFm/cNNLQepkzDYtHbbhz8ySAZ3nKbQVsMlEC1xVx+Ln2YapXIdS3rHdIZA=="
    },
    "googleapis": {
      "version": "115.0.0",
      "resolved": "https://registry.npmjs.org/googleapis/-/googleapis-115.0.0.tgz",
      "integrity": "sha512-fkpFJnFCH+bNPeC2mW0z1Q0QFXhBaqae5i7oB3DH79m3Z3Rw4RtaYDRb5T3YYg9Ox4+6OYFMjL2bXmJg5TlFKA=="
    }
  }
}
